
Microsoft Visual Studio Solution File, Format Version 12.00
# Visual Studio Version 16
VisualStudioVersion = 16.0.29503.13
MinimumVisualStudioVersion = 10.0.40219.1
Project("{FAE04EC0-301F-11D3-BF4B-00C04F79EFBC}") = "Task3", "Task3.csproj", "{4211858D-92E0-4A71-8B6D-35806330877C}"
EndProject
Global
	GlobalSection(SolutionConfigurationPlatforms) = preSolution
		Debug|Any CPU = Debug|Any CPU
		Release|Any CPU = Release|Any CPU
	EndGlobalSection
	GlobalSection(ProjectConfigurationPlatforms) = postSolution
		{4211858D-92E0-4A71-8B6D-35806330877C}.Debug|Any CPU.ActiveCfg = Debug|Any CPU
		{4211858D-92E0-4A71-8B6D-35806330877C}.Debug|Any CPU.Build.0 = Debug|Any CPU
		{4211858D-92E0-4A71-8B6D-35806330877C}.Release|Any CPU.ActiveCfg = Release|Any CPU
		{4211858D-92E0-4A71-8B6D-35806330877C}.Release|Any CPU.Build.0 = Release|Any CPU
	EndGlobalSection
	GlobalSection(SolutionProperties) = preSolution
		HideSolutionNode = FALSE
	EndGlobalSection
	GlobalSection(ExtensibilityGlobals) = postSolution
		SolutionGuid = {3200EA9E-8B45-429E-80DE-FC4DFAC2253C}
	EndGlobalSection
EndGlobal
